
Microsoft Visual Studio Solution File, Format Version 12.00
# Visual Studio Version 16
VisualStudioVersion = 16.0.28729.10
MinimumVisualStudioVersion = 10.0.40219.1
Project("{2150E333-8FDC-42A3-9474-1A3956D46DE8}") = "src", "src", "{D5992CB5-3542-41C8-BE85-F52699729C57}"
	ProjectSection(SolutionItems) = preProject
		src\Directory.Build.props = src\Directory.Build.props
	EndProjectSection
EndProject
Project("{9A19103F-16F7-4668-BE54-9A1E7A4F7556}") = "SimpleVersion.Abstractions", "src\SimpleVersion.Abstractions\SimpleVersion.Abstractions.csproj", "{57BD2337-57AB-4F50-BAE5-796DCDC70576}"
EndProject
Project("{2150E333-8FDC-42A3-9474-1A3956D46DE8}") = "test", "test", "{9EEF54AE-EEE2-4817-B0D0-AFAE3F52C231}"
	ProjectSection(SolutionItems) = preProject
		test\Directory.Build.props = test\Directory.Build.props
	EndProjectSection
EndProject
Project("{9A19103F-16F7-4668-BE54-9A1E7A4F7556}") = "SimpleVersion.Core", "src\SimpleVersion.Core\SimpleVersion.Core.csproj", "{C3908FD1-A959-4687-9221-C058698B126A}"
EndProject
Project("{9A19103F-16F7-4668-BE54-9A1E7A4F7556}") = "SimpleVersion.Core.Tests", "test\SimpleVersion.Core.Tests\SimpleVersion.Core.Tests.csproj", "{C367CC5A-5ACC-442A-8885-ED9A94A9A43E}"
EndProject
Project("{9A19103F-16F7-4668-BE54-9A1E7A4F7556}") = "SimpleVersion.Abstractions.Tests", "test\SimpleVersion.Abstractions.Tests\SimpleVersion.Abstractions.Tests.csproj", "{D95890EA-093F-4FAD-8E30-E372DD946F32}"
EndProject
Project("{2150E333-8FDC-42A3-9474-1A3956D46DE8}") = "shared", "shared", "{385532A7-26BE-4596-9EEE-E7C3984643ED}"
	ProjectSection(SolutionItems) = preProject
		shared\en-US_User.dic = shared\en-US_User.dic
		shared\logo.png = shared\logo.png
		shared\stylecop.json = shared\stylecop.json
		shared\Tests.GlobalSuppressions.cs = shared\Tests.GlobalSuppressions.cs
	EndProjectSection
EndProject
Project("{2150E333-8FDC-42A3-9474-1A3956D46DE8}") = "Solution Items", "Solution Items", "{D06F4C8D-0C60-4AA3-A506-CC0152EFC254}"
	ProjectSection(SolutionItems) = preProject
		.editorconfig = .editorconfig
		.simpleversion.json = .simpleversion.json
		azure-pipelines.yml = azure-pipelines.yml
		build.ps1 = build.ps1
		Directory.Build.props = Directory.Build.props
		Directory.Build.targets = Directory.Build.targets
		en-US_User.dic = en-US_User.dic
		global.json = global.json
		nuget.config = nuget.config
		Packages.props = Packages.props
		README.md = README.md
		SimpleVersion.sln.vsspell = SimpleVersion.sln.vsspell
	EndProjectSection
EndProject
Project("{9A19103F-16F7-4668-BE54-9A1E7A4F7556}") = "SimpleVersion.Tool", "src\SimpleVersion.Tool\SimpleVersion.Tool.csproj", "{283AA9B6-B543-43C9-B512-BA54B36799B4}"
EndProject
Global
	GlobalSection(SolutionConfigurationPlatforms) = preSolution
		Debug|Any CPU = Debug|Any CPU
		Release|Any CPU = Release|Any CPU
	EndGlobalSection
	GlobalSection(ProjectConfigurationPlatforms) = postSolution
		{57BD2337-57AB-4F50-BAE5-796DCDC70576}.Debug|Any CPU.ActiveCfg = Debug|Any CPU
		{57BD2337-57AB-4F50-BAE5-796DCDC70576}.Debug|Any CPU.Build.0 = Debug|Any CPU
		{57BD2337-57AB-4F50-BAE5-796DCDC70576}.Release|Any CPU.ActiveCfg = Release|Any CPU
		{57BD2337-57AB-4F50-BAE5-796DCDC70576}.Release|Any CPU.Build.0 = Release|Any CPU
		{C3908FD1-A959-4687-9221-C058698B126A}.Debug|Any CPU.ActiveCfg = Debug|Any CPU
		{C3908FD1-A959-4687-9221-C058698B126A}.Debug|Any CPU.Build.0 = Debug|Any CPU
		{C3908FD1-A959-4687-9221-C058698B126A}.Release|Any CPU.ActiveCfg = Release|Any CPU
		{C3908FD1-A959-4687-9221-C058698B126A}.Release|Any CPU.Build.0 = Release|Any CPU
		{C367CC5A-5ACC-442A-8885-ED9A94A9A43E}.Debug|Any CPU.ActiveCfg = Debug|Any CPU
		{C367CC5A-5ACC-442A-8885-ED9A94A9A43E}.Debug|Any CPU.Build.0 = Debug|Any CPU
		{C367CC5A-5ACC-442A-8885-ED9A94A9A43E}.Release|Any CPU.ActiveCfg = Release|Any CPU
		{C367CC5A-5ACC-442A-8885-ED9A94A9A43E}.Release|Any CPU.Build.0 = Release|Any CPU
		{D95890EA-093F-4FAD-8E30-E372DD946F32}.Debug|Any CPU.ActiveCfg = Debug|Any CPU
		{D95890EA-093F-4FAD-8E30-E372DD946F32}.Debug|Any CPU.Build.0 = Debug|Any CPU
		{D95890EA-093F-4FAD-8E30-E372DD946F32}.Release|Any CPU.ActiveCfg = Release|Any CPU
		{D95890EA-093F-4FAD-8E30-E372DD946F32}.Release|Any CPU.Build.0 = Release|Any CPU
		{283AA9B6-B543-43C9-B512-BA54B36799B4}.Debug|Any CPU.ActiveCfg = Debug|Any CPU
		{283AA9B6-B543-43C9-B512-BA54B36799B4}.Debug|Any CPU.Build.0 = Debug|Any CPU
		{283AA9B6-B543-43C9-B512-BA54B36799B4}.Release|Any CPU.ActiveCfg = Release|Any CPU
		{283AA9B6-B543-43C9-B512-BA54B36799B4}.Release|Any CPU.Build.0 = Release|Any CPU
	EndGlobalSection
	GlobalSection(SolutionProperties) = preSolution
		HideSolutionNode = FALSE
	EndGlobalSection
	GlobalSection(NestedProjects) = preSolution
		{57BD2337-57AB-4F50-BAE5-796DCDC70576} = {D5992CB5-3542-41C8-BE85-F52699729C57}
		{C3908FD1-A959-4687-9221-C058698B126A} = {D5992CB5-3542-41C8-BE85-F52699729C57}
		{C367CC5A-5ACC-442A-8885-ED9A94A9A43E} = {9EEF54AE-EEE2-4817-B0D0-AFAE3F52C231}
		{D95890EA-093F-4FAD-8E30-E372DD946F32} = {9EEF54AE-EEE2-4817-B0D0-AFAE3F52C231}
		{283AA9B6-B543-43C9-B512-BA54B36799B4} = {D5992CB5-3542-41C8-BE85-F52699729C57}
	EndGlobalSection
	GlobalSection(ExtensibilityGlobals) = postSolution
		SolutionGuid = {E44EF3D7-AF4C-4653-A610-5F9FE30F2FA0}
	EndGlobalSection
EndGlobal
